
Microsoft Visual Studio Solution File, Format Version 12.00
# Visual Studio Version 17
VisualStudioVersion = 17.8.34309.116
MinimumVisualStudioVersion = 10.0.40219.1
Project("{9A19103F-16F7-4668-BE54-9A1E7A4F7556}") = "PhotoCRUD", "PhotoCRUD\PhotoCRUD.csproj", "{6B3BDCB3-4307-46EE-AD52-7FF441CC7DAC}"
EndProject
Project("{9A19103F-16F7-4668-BE54-9A1E7A4F7556}") = "Data", "Data\Data.csproj", "{6472FA47-D287-4B7C-BD1A-3EC73E9343DB}"
EndProject
Project("{FAE04EC0-301F-11D3-BF4B-00C04F79EFBC}") = "Tests", "Tests\Tests.csproj", "{DD4C62C0-E64A-4747-AFD8-88BC3FA5B0DB}"
EndProject
Global
	GlobalSection(SolutionConfigurationPlatforms) = preSolution
		Debug|Any CPU = Debug|Any CPU
		Release|Any CPU = Release|Any CPU
	EndGlobalSection
	GlobalSection(ProjectConfigurationPlatforms) = postSolution
		{6B3BDCB3-4307-46EE-AD52-7FF441CC7DAC}.Debug|Any CPU.ActiveCfg = Debug|Any CPU
		{6B3BDCB3-4307-46EE-AD52-7FF441CC7DAC}.Debug|Any CPU.Build.0 = Debug|Any CPU
		{6B3BDCB3-4307-46EE-AD52-7FF441CC7DAC}.Release|Any CPU.ActiveCfg = Release|Any CPU
		{6B3BDCB3-4307-46EE-AD52-7FF441CC7DAC}.Release|Any CPU.Build.0 = Release|Any CPU
		{6472FA47-D287-4B7C-BD1A-3EC73E9343DB}.Debug|Any CPU.ActiveCfg = Debug|Any CPU
		{6472FA47-D287-4B7C-BD1A-3EC73E9343DB}.Debug|Any CPU.Build.0 = Debug|Any CPU
		{6472FA47-D287-4B7C-BD1A-3EC73E9343DB}.Release|Any CPU.ActiveCfg = Release|Any CPU
		{6472FA47-D287-4B7C-BD1A-3EC73E9343DB}.Release|Any CPU.Build.0 = Release|Any CPU
		{DD4C62C0-E64A-4747-AFD8-88BC3FA5B0DB}.Debug|Any CPU.ActiveCfg = Debug|Any CPU
		{DD4C62C0-E64A-4747-AFD8-88BC3FA5B0DB}.Debug|Any CPU.Build.0 = Debug|Any CPU
		{DD4C62C0-E64A-4747-AFD8-88BC3FA5B0DB}.Release|Any CPU.ActiveCfg = Release|Any CPU
		{DD4C62C0-E64A-4747-AFD8-88BC3FA5B0DB}.Release|Any CPU.Build.0 = Release|Any CPU
	EndGlobalSection
	GlobalSection(SolutionProperties) = preSolution
		HideSolutionNode = FALSE
	EndGlobalSection
	GlobalSection(ExtensibilityGlobals) = postSolution
		SolutionGuid = {B431BA56-BE2C-4326-99C1-96B528C61DAD}
	EndGlobalSection
EndGlobal
